
Microsoft Visual Studio Solution File, Format Version 12.00
# Visual Studio Version 17
VisualStudioVersion = 17.8.34330.188
MinimumVisualStudioVersion = 10.0.40219.1
Project("{FAE04EC0-301F-11D3-BF4B-00C04F79EFBC}") = "WebApplicationProject", "WebApplicationProject.csproj", "{3E823949-B147-40A3-B2C8-BCA8EAB47826}"
EndProject
Global
	GlobalSection(SolutionConfigurationPlatforms) = preSolution
		Debug|Any CPU = Debug|Any CPU
		Release|Any CPU = Release|Any CPU
	EndGlobalSection
	GlobalSection(ProjectConfigurationPlatforms) = postSolution
		{3E823949-B147-40A3-B2C8-BCA8EAB47826}.Debug|Any CPU.ActiveCfg = Debug|Any CPU
		{3E823949-B147-40A3-B2C8-BCA8EAB47826}.Debug|Any CPU.Build.0 = Debug|Any CPU
		{3E823949-B147-40A3-B2C8-BCA8EAB47826}.Release|Any CPU.ActiveCfg = Release|Any CPU
		{3E823949-B147-40A3-B2C8-BCA8EAB47826}.Release|Any CPU.Build.0 = Release|Any CPU
	EndGlobalSection
	GlobalSection(SolutionProperties) = preSolution
		HideSolutionNode = FALSE
	EndGlobalSection
	GlobalSection(ExtensibilityGlobals) = postSolution
		SolutionGuid = {15D12C16-24B5-411C-ABD3-DFA2D3027B19}
	EndGlobalSection
EndGlobal
